// !$*UTF8*$!
{
	archiveVersion = 1;
	classes = {
	};
	objectVersion = 56;
	objects = {

/* Begin PBXBuildFile section */
		41027AC32C5A91B400976C1B /* EditCirclesViewModel.swift in Sources */ = {isa = PBXBuildFile; fileRef = 41027AC22C5A91B400976C1B /* EditCirclesViewModel.swift */; };
		41027AC62C5ADB3A00976C1B /* CricutShape.swift in Sources */ = {isa = PBXBuildFile; fileRef = 41027AC52C5ADB3A00976C1B /* CricutShape.swift */; };
		41027AD42C5BE38000976C1B /* ButtonsView.swift in Sources */ = {isa = PBXBuildFile; fileRef = 41027AD32C5BE38000976C1B /* ButtonsView.swift */; };
		41027AD72C5C185D00976C1B /* UnitTestingEditCirclesViewModel_Tests.swift in Sources */ = {isa = PBXBuildFile; fileRef = 41027AD62C5C185D00976C1B /* UnitTestingEditCirclesViewModel_Tests.swift */; };
		41027AD92C5C29FF00976C1B /* UnitTestingMainGridViewModel_Tests.swift in Sources */ = {isa = PBXBuildFile; fileRef = 41027AD82C5C29FF00976C1B /* UnitTestingMainGridViewModel_Tests.swift */; };
		41027ADB2C5C2A9800976C1B /* MockButtonDataProvider.swift in Sources */ = {isa = PBXBuildFile; fileRef = 41027ADA2C5C2A9800976C1B /* MockButtonDataProvider.swift */; };
		41027ADD2C5C308500976C1B /* UnitTestingNetworkError_Tests.swift in Sources */ = {isa = PBXBuildFile; fileRef = 41027ADC2C5C308500976C1B /* UnitTestingNetworkError_Tests.swift */; };
		41027ADF2C5C357400976C1B /* UnitTestingCricutTriangle_Tests.swift in Sources */ = {isa = PBXBuildFile; fileRef = 41027ADE2C5C357400976C1B /* UnitTestingCricutTriangle_Tests.swift */; };
		41027AE12C5C3D1600976C1B /* ShapeType.swift in Sources */ = {isa = PBXBuildFile; fileRef = 41027AE02C5C3D1600976C1B /* ShapeType.swift */; };
		41027AE32C5C405600976C1B /* CricutButtonModifer.swift in Sources */ = {isa = PBXBuildFile; fileRef = 41027AE22C5C405600976C1B /* CricutButtonModifer.swift */; };
		410620572C59281600A5374B /* CricutAssesmentKarlPfisterApp.swift in Sources */ = {isa = PBXBuildFile; fileRef = 410620562C59281600A5374B /* CricutAssesmentKarlPfisterApp.swift */; };
		410620592C59281600A5374B /* ContentView.swift in Sources */ = {isa = PBXBuildFile; fileRef = 410620582C59281600A5374B /* ContentView.swift */; };
		4106205B2C59281800A5374B /* Assets.xcassets in Resources */ = {isa = PBXBuildFile; fileRef = 4106205A2C59281800A5374B /* Assets.xcassets */; };
		4106205E2C59281800A5374B /* Preview Assets.xcassets in Resources */ = {isa = PBXBuildFile; fileRef = 4106205D2C59281800A5374B /* Preview Assets.xcassets */; };
		410620722C59281800A5374B /* CricutAssesmentKarlPfisterUITests.swift in Sources */ = {isa = PBXBuildFile; fileRef = 410620712C59281800A5374B /* CricutAssesmentKarlPfisterUITests.swift */; };
		410620742C59281800A5374B /* CricutAssesmentKarlPfisterUITestsLaunchTests.swift in Sources */ = {isa = PBXBuildFile; fileRef = 410620732C59281800A5374B /* CricutAssesmentKarlPfisterUITestsLaunchTests.swift */; };
		410620812C592C8F00A5374B /* CricutButton.swift in Sources */ = {isa = PBXBuildFile; fileRef = 410620802C592C8F00A5374B /* CricutButton.swift */; };
		410620862C59597800A5374B /* APIService.swift in Sources */ = {isa = PBXBuildFile; fileRef = 410620852C59597800A5374B /* APIService.swift */; };
		410620882C5959CD00A5374B /* NetworkingError.swift in Sources */ = {isa = PBXBuildFile; fileRef = 410620872C5959CD00A5374B /* NetworkingError.swift */; };
		4106208A2C595CEA00A5374B /* ButtonDataProvider.swift in Sources */ = {isa = PBXBuildFile; fileRef = 410620892C595CEA00A5374B /* ButtonDataProvider.swift */; };
		4106208E2C59661700A5374B /* CricutTriangle.swift in Sources */ = {isa = PBXBuildFile; fileRef = 4106208D2C59661700A5374B /* CricutTriangle.swift */; };
		410620902C59669100A5374B /* MainGridViewModel.swift in Sources */ = {isa = PBXBuildFile; fileRef = 4106208F2C59669100A5374B /* MainGridViewModel.swift */; };
		410620922C59DF3C00A5374B /* EditCirclesView.swift in Sources */ = {isa = PBXBuildFile; fileRef = 410620912C59DF3C00A5374B /* EditCirclesView.swift */; };
/* End PBXBuildFile section */

/* Begin PBXContainerItemProxy section */
		410620642C59281800A5374B /* PBXContainerItemProxy */ = {
			isa = PBXContainerItemProxy;
			containerPortal = 4106204B2C59281600A5374B /* Project object */;
			proxyType = 1;
			remoteGlobalIDString = 410620522C59281600A5374B;
			remoteInfo = CricutAssesmentKarlPfister;
		};
		4106206E2C59281800A5374B /* PBXContainerItemProxy */ = {
			isa = PBXContainerItemProxy;
			containerPortal = 4106204B2C59281600A5374B /* Project object */;
			proxyType = 1;
			remoteGlobalIDString = 410620522C59281600A5374B;
			remoteInfo = CricutAssesmentKarlPfister;
		};
/* End PBXContainerItemProxy section */

/* Begin PBXFileReference section */
		41027AC22C5A91B400976C1B /* EditCirclesViewModel.swift */ = {isa = PBXFileReference; lastKnownFileType = sourcecode.swift; path = EditCirclesViewModel.swift; sourceTree = "<group>"; };
		41027AC52C5ADB3A00976C1B /* CricutShape.swift */ = {isa = PBXFileReference; lastKnownFileType = sourcecode.swift; path = CricutShape.swift; sourceTree = "<group>"; };
		41027AD32C5BE38000976C1B /* ButtonsView.swift */ = {isa = PBXFileReference; lastKnownFileType = sourcecode.swift; path = ButtonsView.swift; sourceTree = "<group>"; };
		41027AD52C5C03B300976C1B /* Info.plist */ = {isa = PBXFileReference; lastKnownFileType = text.plist; path = Info.plist; sourceTree = "<group>"; };
		41027AD62C5C185D00976C1B /* UnitTestingEditCirclesViewModel_Tests.swift */ = {isa = PBXFileReference; lastKnownFileType = sourcecode.swift; path = UnitTestingEditCirclesViewModel_Tests.swift; sourceTree = "<group>"; };
		41027AD82C5C29FF00976C1B /* UnitTestingMainGridViewModel_Tests.swift */ = {isa = PBXFileReference; lastKnownFileType = sourcecode.swift; path = UnitTestingMainGridViewModel_Tests.swift; sourceTree = "<group>"; };
		41027ADA2C5C2A9800976C1B /* MockButtonDataProvider.swift */ = {isa = PBXFileReference; lastKnownFileType = sourcecode.swift; path = MockButtonDataProvider.swift; sourceTree = "<group>"; };
		41027ADC2C5C308500976C1B /* UnitTestingNetworkError_Tests.swift */ = {isa = PBXFileReference; lastKnownFileType = sourcecode.swift; path = UnitTestingNetworkError_Tests.swift; sourceTree = "<group>"; };
		41027ADE2C5C357400976C1B /* UnitTestingCricutTriangle_Tests.swift */ = {isa = PBXFileReference; lastKnownFileType = sourcecode.swift; path = UnitTestingCricutTriangle_Tests.swift; sourceTree = "<group>"; };
		41027AE02C5C3D1600976C1B /* ShapeType.swift */ = {isa = PBXFileReference; lastKnownFileType = sourcecode.swift; path = ShapeType.swift; sourceTree = "<group>"; };
		41027AE22C5C405600976C1B /* CricutButtonModifer.swift */ = {isa = PBXFileReference; lastKnownFileType = sourcecode.swift; path = CricutButtonModifer.swift; sourceTree = "<group>"; };
		410620532C59281600A5374B /* CricutAssesmentKarlPfister.app */ = {isa = PBXFileReference; explicitFileType = wrapper.application; includeInIndex = 0; path = CricutAssesmentKarlPfister.app; sourceTree = BUILT_PRODUCTS_DIR; };
		410620562C59281600A5374B /* CricutAssesmentKarlPfisterApp.swift */ = {isa = PBXFileReference; lastKnownFileType = sourcecode.swift; path = CricutAssesmentKarlPfisterApp.swift; sourceTree = "<group>"; };
		410620582C59281600A5374B /* ContentView.swift */ = {isa = PBXFileReference; lastKnownFileType = sourcecode.swift; path = ContentView.swift; sourceTree = "<group>"; };
		4106205A2C59281800A5374B /* Assets.xcassets */ = {isa = PBXFileReference; lastKnownFileType = folder.assetcatalog; path = Assets.xcassets; sourceTree = "<group>"; };
		4106205D2C59281800A5374B /* Preview Assets.xcassets */ = {isa = PBXFileReference; lastKnownFileType = folder.assetcatalog; path = "Preview Assets.xcassets"; sourceTree = "<group>"; };
		410620632C59281800A5374B /* CricutAssesmentKarlPfisterTests.xctest */ = {isa = PBXFileReference; explicitFileType = wrapper.cfbundle; includeInIndex = 0; path = CricutAssesmentKarlPfisterTests.xctest; sourceTree = BUILT_PRODUCTS_DIR; };
		4106206D2C59281800A5374B /* CricutAssesmentKarlPfisterUITests.xctest */ = {isa = PBXFileReference; explicitFileType = wrapper.cfbundle; includeInIndex = 0; path = CricutAssesmentKarlPfisterUITests.xctest; sourceTree = BUILT_PRODUCTS_DIR; };
		410620712C59281800A5374B /* CricutAssesmentKarlPfisterUITests.swift */ = {isa = PBXFileReference; lastKnownFileType = sourcecode.swift; path = CricutAssesmentKarlPfisterUITests.swift; sourceTree = "<group>"; };
		410620732C59281800A5374B /* CricutAssesmentKarlPfisterUITestsLaunchTests.swift */ = {isa = PBXFileReference; lastKnownFileType = sourcecode.swift; path = CricutAssesmentKarlPfisterUITestsLaunchTests.swift; sourceTree = "<group>"; };
		410620802C592C8F00A5374B /* CricutButton.swift */ = {isa = PBXFileReference; lastKnownFileType = sourcecode.swift; path = CricutButton.swift; sourceTree = "<group>"; };
		410620852C59597800A5374B /* APIService.swift */ = {isa = PBXFileReference; lastKnownFileType = sourcecode.swift; path = APIService.swift; sourceTree = "<group>"; };
		410620872C5959CD00A5374B /* NetworkingError.swift */ = {isa = PBXFileReference; lastKnownFileType = sourcecode.swift; path = NetworkingError.swift; sourceTree = "<group>"; };
		410620892C595CEA00A5374B /* ButtonDataProvider.swift */ = {isa = PBXFileReference; lastKnownFileType = sourcecode.swift; path = ButtonDataProvider.swift; sourceTree = "<group>"; };
		4106208D2C59661700A5374B /* CricutTriangle.swift */ = {isa = PBXFileReference; lastKnownFileType = sourcecode.swift; path = CricutTriangle.swift; sourceTree = "<group>"; };
		4106208F2C59669100A5374B /* MainGridViewModel.swift */ = {isa = PBXFileReference; lastKnownFileType = sourcecode.swift; path = MainGridViewModel.swift; sourceTree = "<group>"; };
		410620912C59DF3C00A5374B /* EditCirclesView.swift */ = {isa = PBXFileReference; lastKnownFileType = sourcecode.swift; path = EditCirclesView.swift; sourceTree = "<group>"; };
/* End PBXFileReference section */

/* Begin PBXFrameworksBuildPhase section */
		410620502C59281600A5374B /* Frameworks */ = {
			isa = PBXFrameworksBuildPhase;
			buildActionMask = 2147483647;
			files = (
			);
			runOnlyForDeploymentPostprocessing = 0;
		};
		410620602C59281800A5374B /* Frameworks */ = {
			isa = PBXFrameworksBuildPhase;
			buildActionMask = 2147483647;
			files = (
			);
			runOnlyForDeploymentPostprocessing = 0;
		};
		4106206A2C59281800A5374B /* Frameworks */ = {
			isa = PBXFrameworksBuildPhase;
			buildActionMask = 2147483647;
			files = (
			);
			runOnlyForDeploymentPostprocessing = 0;
		};
/* End PBXFrameworksBuildPhase section */

/* Begin PBXGroup section */
		41027AC42C5A921000976C1B /* Edit Circle */ = {
			isa = PBXGroup;
			children = (
				41027AC22C5A91B400976C1B /* EditCirclesViewModel.swift */,
				410620912C59DF3C00A5374B /* EditCirclesView.swift */,
			);
			path = "Edit Circle";
			sourceTree = "<group>";
		};
		41027AC72C5ADC3B00976C1B /* App */ = {
			isa = PBXGroup;
			children = (
				410620562C59281600A5374B /* CricutAssesmentKarlPfisterApp.swift */,
			);
			path = App;
			sourceTree = "<group>";
		};
		41027AC82C5ADC6800976C1B /* Core */ = {
			isa = PBXGroup;
			children = (
				41027ACE2C5ADCD400976C1B /* Components */,
				41027AC42C5A921000976C1B /* Edit Circle */,
				41027ACA2C5ADC7F00976C1B /* Root */,
			);
			path = Core;
			sourceTree = "<group>";
		};
		41027AC92C5ADC7000976C1B /* View */ = {
			isa = PBXGroup;
			children = (
				410620582C59281600A5374B /* ContentView.swift */,
				41027AD32C5BE38000976C1B /* ButtonsView.swift */,
			);
			path = View;
			sourceTree = "<group>";
		};
		41027ACA2C5ADC7F00976C1B /* Root */ = {
			isa = PBXGroup;
			children = (
				41027AC92C5ADC7000976C1B /* View */,
				41027ACB2C5ADC8900976C1B /* View Model */,
			);
			path = Root;
			sourceTree = "<group>";
		};
		41027ACB2C5ADC8900976C1B /* View Model */ = {
			isa = PBXGroup;
			children = (
				4106208F2C59669100A5374B /* MainGridViewModel.swift */,
			);
			path = "View Model";
			sourceTree = "<group>";
		};
		41027ACE2C5ADCD400976C1B /* Components */ = {
			isa = PBXGroup;
			children = (
				4106208D2C59661700A5374B /* CricutTriangle.swift */,
				41027AE22C5C405600976C1B /* CricutButtonModifer.swift */,
			);
			path = Components;
			sourceTree = "<group>";
		};
		4106204A2C59281600A5374B = {
			isa = PBXGroup;
			children = (
				410620552C59281600A5374B /* CricutAssesmentKarlPfister */,
				410620662C59281800A5374B /* CricutAssesmentKarlPfisterTests */,
				410620702C59281800A5374B /* CricutAssesmentKarlPfisterUITests */,
				410620542C59281600A5374B /* Products */,
			);
			sourceTree = "<group>";
		};
		410620542C59281600A5374B /* Products */ = {
			isa = PBXGroup;
			children = (
				410620532C59281600A5374B /* CricutAssesmentKarlPfister.app */,
				410620632C59281800A5374B /* CricutAssesmentKarlPfisterTests.xctest */,
				4106206D2C59281800A5374B /* CricutAssesmentKarlPfisterUITests.xctest */,
			);
			name = Products;
			sourceTree = "<group>";
		};
		410620552C59281600A5374B /* CricutAssesmentKarlPfister */ = {
			isa = PBXGroup;
			children = (
				41027AD52C5C03B300976C1B /* Info.plist */,
				41027AC72C5ADC3B00976C1B /* App */,
				41027AC82C5ADC6800976C1B /* Core */,
				410620822C59595700A5374B /* Model */,
				410620842C59596900A5374B /* Services */,
				4106205A2C59281800A5374B /* Assets.xcassets */,
				4106205C2C59281800A5374B /* Preview Content */,
			);
			path = CricutAssesmentKarlPfister;
			sourceTree = "<group>";
		};
		4106205C2C59281800A5374B /* Preview Content */ = {
			isa = PBXGroup;
			children = (
				4106205D2C59281800A5374B /* Preview Assets.xcassets */,
			);
			path = "Preview Content";
			sourceTree = "<group>";
		};
		410620662C59281800A5374B /* CricutAssesmentKarlPfisterTests */ = {
			isa = PBXGroup;
			children = (
				41027AD62C5C185D00976C1B /* UnitTestingEditCirclesViewModel_Tests.swift */,
				41027AD82C5C29FF00976C1B /* UnitTestingMainGridViewModel_Tests.swift */,
				41027ADA2C5C2A9800976C1B /* MockButtonDataProvider.swift */,
				41027ADC2C5C308500976C1B /* UnitTestingNetworkError_Tests.swift */,
				41027ADE2C5C357400976C1B /* UnitTestingCricutTriangle_Tests.swift */,
			);
			path = CricutAssesmentKarlPfisterTests;
			sourceTree = "<group>";
		};
		410620702C59281800A5374B /* CricutAssesmentKarlPfisterUITests */ = {
			isa = PBXGroup;
			children = (
				410620712C59281800A5374B /* CricutAssesmentKarlPfisterUITests.swift */,
				410620732C59281800A5374B /* CricutAssesmentKarlPfisterUITestsLaunchTests.swift */,
			);
			path = CricutAssesmentKarlPfisterUITests;
			sourceTree = "<group>";
		};
		410620822C59595700A5374B /* Model */ = {
			isa = PBXGroup;
			children = (
				410620802C592C8F00A5374B /* CricutButton.swift */,
				41027AC52C5ADB3A00976C1B /* CricutShape.swift */,
				41027AE02C5C3D1600976C1B /* ShapeType.swift */,
			);
			path = Model;
			sourceTree = "<group>";
		};
		410620842C59596900A5374B /* Services */ = {
			isa = PBXGroup;
			children = (
				410620852C59597800A5374B /* APIService.swift */,
				410620872C5959CD00A5374B /* NetworkingError.swift */,
				410620892C595CEA00A5374B /* ButtonDataProvider.swift */,
			);
			path = Services;
			sourceTree = "<group>";
		};
/* End PBXGroup section */

/* Begin PBXNativeTarget section */
		410620522C59281600A5374B /* CricutAssesmentKarlPfister */ = {
			isa = PBXNativeTarget;
			buildConfigurationList = 410620772C59281800A5374B /* Build configuration list for PBXNativeTarget "CricutAssesmentKarlPfister" */;
			buildPhases = (
				4106204F2C59281600A5374B /* Sources */,
				410620502C59281600A5374B /* Frameworks */,
				410620512C59281600A5374B /* Resources */,
			);
			buildRules = (
			);
			dependencies = (
			);
			name = CricutAssesmentKarlPfister;
			productName = CricutAssesmentKarlPfister;
			productReference = 410620532C59281600A5374B /* CricutAssesmentKarlPfister.app */;
			productType = "com.apple.product-type.application";
		};
		410620622C59281800A5374B /* CricutAssesmentKarlPfisterTests */ = {
			isa = PBXNativeTarget;
			buildConfigurationList = 4106207A2C59281800A5374B /* Build configuration list for PBXNativeTarget "CricutAssesmentKarlPfisterTests" */;
			buildPhases = (
				4106205F2C59281800A5374B /* Sources */,
				410620602C59281800A5374B /* Frameworks */,
				410620612C59281800A5374B /* Resources */,
			);
			buildRules = (
			);
			dependencies = (
				410620652C59281800A5374B /* PBXTargetDependency */,
			);
			name = CricutAssesmentKarlPfisterTests;
			productName = CricutAssesmentKarlPfisterTests;
			productReference = 410620632C59281800A5374B /* CricutAssesmentKarlPfisterTests.xctest */;
			productType = "com.apple.product-type.bundle.unit-test";
		};
		4106206C2C59281800A5374B /* CricutAssesmentKarlPfisterUITests */ = {
			isa = PBXNativeTarget;
			buildConfigurationList = 4106207D2C59281800A5374B /* Build configuration list for PBXNativeTarget "CricutAssesmentKarlPfisterUITests" */;
			buildPhases = (
				410620692C59281800A5374B /* Sources */,
				4106206A2C59281800A5374B /* Frameworks */,
				4106206B2C59281800A5374B /* Resources */,
			);
			buildRules = (
			);
			dependencies = (
				4106206F2C59281800A5374B /* PBXTargetDependency */,
			);
			name = CricutAssesmentKarlPfisterUITests;
			productName = CricutAssesmentKarlPfisterUITests;
			productReference = 4106206D2C59281800A5374B /* CricutAssesmentKarlPfisterUITests.xctest */;
			productType = "com.apple.product-type.bundle.ui-testing";
		};
/* End PBXNativeTarget section */

/* Begin PBXProject section */
		4106204B2C59281600A5374B /* Project object */ = {
			isa = PBXProject;
			attributes = {
				BuildIndependentTargetsInParallel = 1;
				LastSwiftUpdateCheck = 1540;
				LastUpgradeCheck = 1540;
				TargetAttributes = {
					410620522C59281600A5374B = {
						CreatedOnToolsVersion = 15.4;
					};
					410620622C59281800A5374B = {
						CreatedOnToolsVersion = 15.4;
						TestTargetID = 410620522C59281600A5374B;
					};
					4106206C2C59281800A5374B = {
						CreatedOnToolsVersion = 15.4;
						TestTargetID = 410620522C59281600A5374B;
					};
				};
			};
			buildConfigurationList = 4106204E2C59281600A5374B /* Build configuration list for PBXProject "CricutAssesmentKarlPfister" */;
			compatibilityVersion = "Xcode 14.0";
			developmentRegion = en;
			hasScannedForEncodings = 0;
			knownRegions = (
				en,
				Base,
			);
			mainGroup = 4106204A2C59281600A5374B;
			productRefGroup = 410620542C59281600A5374B /* Products */;
			projectDirPath = "";
			projectRoot = "";
			targets = (
				410620522C59281600A5374B /* CricutAssesmentKarlPfister */,
				410620622C59281800A5374B /* CricutAssesmentKarlPfisterTests */,
				4106206C2C59281800A5374B /* CricutAssesmentKarlPfisterUITests */,
			);
		};
/* End PBXProject section */

/* Begin PBXResourcesBuildPhase section */
		410620512C59281600A5374B /* Resources */ = {
			isa = PBXResourcesBuildPhase;
			buildActionMask = 2147483647;
			files = (
				4106205E2C59281800A5374B /* Preview Assets.xcassets in Resources */,
				4106205B2C59281800A5374B /* Assets.xcassets in Resources */,
			);
			runOnlyForDeploymentPostprocessing = 0;
		};
		410620612C59281800A5374B /* Resources */ = {
			isa = PBXResourcesBuildPhase;
			buildActionMask = 2147483647;
			files = (
			);
			runOnlyForDeploymentPostprocessing = 0;
		};
		4106206B2C59281800A5374B /* Resources */ = {
			isa = PBXResourcesBuildPhase;
			buildActionMask = 2147483647;
			files = (
			);
			runOnlyForDeploymentPostprocessing = 0;
		};
/* End PBXResourcesBuildPhase section */

/* Begin PBXSourcesBuildPhase section */
		4106204F2C59281600A5374B /* Sources */ = {
			isa = PBXSourcesBuildPhase;
			buildActionMask = 2147483647;
			files = (
				4106208A2C595CEA00A5374B /* ButtonDataProvider.swift in Sources */,
				410620902C59669100A5374B /* MainGridViewModel.swift in Sources */,
				410620592C59281600A5374B /* ContentView.swift in Sources */,
				410620812C592C8F00A5374B /* CricutButton.swift in Sources */,
				41027AC32C5A91B400976C1B /* EditCirclesViewModel.swift in Sources */,
				410620862C59597800A5374B /* APIService.swift in Sources */,
				41027AD42C5BE38000976C1B /* ButtonsView.swift in Sources */,
				41027AC62C5ADB3A00976C1B /* CricutShape.swift in Sources */,
				410620572C59281600A5374B /* CricutAssesmentKarlPfisterApp.swift in Sources */,
				4106208E2C59661700A5374B /* CricutTriangle.swift in Sources */,
				410620882C5959CD00A5374B /* NetworkingError.swift in Sources */,
				410620922C59DF3C00A5374B /* EditCirclesView.swift in Sources */,
				41027AE32C5C405600976C1B /* CricutButtonModifer.swift in Sources */,
				41027AE12C5C3D1600976C1B /* ShapeType.swift in Sources */,
			);
			runOnlyForDeploymentPostprocessing = 0;
		};
		4106205F2C59281800A5374B /* Sources */ = {
			isa = PBXSourcesBuildPhase;
			buildActionMask = 2147483647;
			files = (
				41027ADF2C5C357400976C1B /* UnitTestingCricutTriangle_Tests.swift in Sources */,
				41027AD92C5C29FF00976C1B /* UnitTestingMainGridViewModel_Tests.swift in Sources */,
				41027ADB2C5C2A9800976C1B /* MockButtonDataProvider.swift in Sources */,
				41027ADD2C5C308500976C1B /* UnitTestingNetworkError_Tests.swift in Sources */,
				41027AD72C5C185D00976C1B /* UnitTestingEditCirclesViewModel_Tests.swift in Sources */,
			);
			runOnlyForDeploymentPostprocessing = 0;
		};
		410620692C59281800A5374B /* Sources */ = {
			isa = PBXSourcesBuildPhase;
			buildActionMask = 2147483647;
			files = (
				410620742C59281800A5374B /* CricutAssesmentKarlPfisterUITestsLaunchTests.swift in Sources */,
				410620722C59281800A5374B /* CricutAssesmentKarlPfisterUITests.swift in Sources */,
			);
			runOnlyForDeploymentPostprocessing = 0;
		};
/* End PBXSourcesBuildPhase section */

/* Begin PBXTargetDependency section */
		410620652C59281800A5374B /* PBXTargetDependency */ = {
			isa = PBXTargetDependency;
			target = 410620522C59281600A5374B /* CricutAssesmentKarlPfister */;
			targetProxy = 410620642C59281800A5374B /* PBXContainerItemProxy */;
		};
		4106206F2C59281800A5374B /* PBXTargetDependency */ = {
			isa = PBXTargetDependency;
			target = 410620522C59281600A5374B /* CricutAssesmentKarlPfister */;
			targetProxy = 4106206E2C59281800A5374B /* PBXContainerItemProxy */;
		};
/* End PBXTargetDependency section */

/* Begin XCBuildConfiguration section */
		410620752C59281800A5374B /* Debug */ = {
			isa = XCBuildConfiguration;
			buildSettings = {
				ALWAYS_SEARCH_USER_PATHS = NO;
				ASSETCATALOG_COMPILER_GENERATE_SWIFT_ASSET_SYMBOL_EXTENSIONS = YES;
				CLANG_ANALYZER_NONNULL = YES;
				CLANG_ANALYZER_NUMBER_OBJECT_CONVERSION = YES_AGGRESSIVE;
				CLANG_CXX_LANGUAGE_STANDARD = "gnu++20";
				CLANG_ENABLE_MODULES = YES;
				CLANG_ENABLE_OBJC_ARC = YES;
				CLANG_ENABLE_OBJC_WEAK = YES;
				CLANG_WARN_BLOCK_CAPTURE_AUTORELEASING = YES;
				CLANG_WARN_BOOL_CONVERSION = YES;
				CLANG_WARN_COMMA = YES;
				CLANG_WARN_CONSTANT_CONVERSION = YES;
				CLANG_WARN_DEPRECATED_OBJC_IMPLEMENTATIONS = YES;
				CLANG_WARN_DIRECT_OBJC_ISA_USAGE = YES_ERROR;
				CLANG_WARN_DOCUMENTATION_COMMENTS = YES;
				CLANG_WARN_EMPTY_BODY = YES;
				CLANG_WARN_ENUM_CONVERSION = YES;
				CLANG_WARN_INFINITE_RECURSION = YES;
				CLANG_WARN_INT_CONVERSION = YES;
				CLANG_WARN_NON_LITERAL_NULL_CONVERSION = YES;
				CLANG_WARN_OBJC_IMPLICIT_RETAIN_SELF = YES;
				CLANG_WARN_OBJC_LITERAL_CONVERSION = YES;
				CLANG_WARN_OBJC_ROOT_CLASS = YES_ERROR;
				CLANG_WARN_QUOTED_INCLUDE_IN_FRAMEWORK_HEADER = YES;
				CLANG_WARN_RANGE_LOOP_ANALYSIS = YES;
				CLANG_WARN_STRICT_PROTOTYPES = YES;
				CLANG_WARN_SUSPICIOUS_MOVE = YES;
				CLANG_WARN_UNGUARDED_AVAILABILITY = YES_AGGRESSIVE;
				CLANG_WARN_UNREACHABLE_CODE = YES;
				CLANG_WARN__DUPLICATE_METHOD_MATCH = YES;
				COPY_PHASE_STRIP = NO;
				DEBUG_INFORMATION_FORMAT = dwarf;
				ENABLE_STRICT_OBJC_MSGSEND = YES;
				ENABLE_TESTABILITY = YES;
				ENABLE_USER_SCRIPT_SANDBOXING = YES;
				GCC_C_LANGUAGE_STANDARD = gnu17;
				GCC_DYNAMIC_NO_PIC = NO;
				GCC_NO_COMMON_BLOCKS = YES;
				GCC_OPTIMIZATION_LEVEL = 0;
				GCC_PREPROCESSOR_DEFINITIONS = (
					"DEBUG=1",
					"$(inherited)",
				);
				GCC_WARN_64_TO_32_BIT_CONVERSION = YES;
				GCC_WARN_ABOUT_RETURN_TYPE = YES_ERROR;
				GCC_WARN_UNDECLARED_SELECTOR = YES;
				GCC_WARN_UNINITIALIZED_AUTOS = YES_AGGRESSIVE;
				GCC_WARN_UNUSED_FUNCTION = YES;
				GCC_WARN_UNUSED_VARIABLE = YES;
				IPHONEOS_DEPLOYMENT_TARGET = 17.5;
				LOCALIZATION_PREFERS_STRING_CATALOGS = YES;
				MTL_ENABLE_DEBUG_INFO = INCLUDE_SOURCE;
				MTL_FAST_MATH = YES;
				ONLY_ACTIVE_ARCH = YES;
				SDKROOT = iphoneos;
				SWIFT_ACTIVE_COMPILATION_CONDITIONS = "DEBUG $(inherited)";
				SWIFT_OPTIMIZATION_LEVEL = "-Onone";
			};
			name = Debug;
		};
		410620762C59281800A5374B /* Release */ = {
			isa = XCBuildConfiguration;
			buildSettings = {
				ALWAYS_SEARCH_USER_PATHS = NO;
				ASSETCATALOG_COMPILER_GENERATE_SWIFT_ASSET_SYMBOL_EXTENSIONS = YES;
				CLANG_ANALYZER_NONNULL = YES;
				CLANG_ANALYZER_NUMBER_OBJECT_CONVERSION = YES_AGGRESSIVE;
				CLANG_CXX_LANGUAGE_STANDARD = "gnu++20";
				CLANG_ENABLE_MODULES = YES;
				CLANG_ENABLE_OBJC_ARC = YES;
				CLANG_ENABLE_OBJC_WEAK = YES;
				CLANG_WARN_BLOCK_CAPTURE_AUTORELEASING = YES;
				CLANG_WARN_BOOL_CONVERSION = YES;
				CLANG_WARN_COMMA = YES;
				CLANG_WARN_CONSTANT_CONVERSION = YES;
				CLANG_WARN_DEPRECATED_OBJC_IMPLEMENTATIONS = YES;
				CLANG_WARN_DIRECT_OBJC_ISA_USAGE = YES_ERROR;
				CLANG_WARN_DOCUMENTATION_COMMENTS = YES;
				CLANG_WARN_EMPTY_BODY = YES;
				CLANG_WARN_ENUM_CONVERSION = YES;
				CLANG_WARN_INFINITE_RECURSION = YES;
				CLANG_WARN_INT_CONVERSION = YES;
				CLANG_WARN_NON_LITERAL_NULL_CONVERSION = YES;
				CLANG_WARN_OBJC_IMPLICIT_RETAIN_SELF = YES;
				CLANG_WARN_OBJC_LITERAL_CONVERSION = YES;
				CLANG_WARN_OBJC_ROOT_CLASS = YES_ERROR;
				CLANG_WARN_QUOTED_INCLUDE_IN_FRAMEWORK_HEADER = YES;
				CLANG_WARN_RANGE_LOOP_ANALYSIS = YES;
				CLANG_WARN_STRICT_PROTOTYPES = YES;
				CLANG_WARN_SUSPICIOUS_MOVE = YES;
				CLANG_WARN_UNGUARDED_AVAILABILITY = YES_AGGRESSIVE;
				CLANG_WARN_UNREACHABLE_CODE = YES;
				CLANG_WARN__DUPLICATE_METHOD_MATCH = YES;
				COPY_PHASE_STRIP = NO;
				DEBUG_INFORMATION_FORMAT = "dwarf-with-dsym";
				ENABLE_NS_ASSERTIONS = NO;
				ENABLE_STRICT_OBJC_MSGSEND = YES;
				ENABLE_USER_SCRIPT_SANDBOXING = YES;
				GCC_C_LANGUAGE_STANDARD = gnu17;
				GCC_NO_COMMON_BLOCKS = YES;
				GCC_WARN_64_TO_32_BIT_CONVERSION = YES;
				GCC_WARN_ABOUT_RETURN_TYPE = YES_ERROR;
				GCC_WARN_UNDECLARED_SELECTOR = YES;
				GCC_WARN_UNINITIALIZED_AUTOS = YES_AGGRESSIVE;
				GCC_WARN_UNUSED_FUNCTION = YES;
				GCC_WARN_UNUSED_VARIABLE = YES;
				IPHONEOS_DEPLOYMENT_TARGET = 17.5;
				LOCALIZATION_PREFERS_STRING_CATALOGS = YES;
				MTL_ENABLE_DEBUG_INFO = NO;
				MTL_FAST_MATH = YES;
				SDKROOT = iphoneos;
				SWIFT_COMPILATION_MODE = wholemodule;
				VALIDATE_PRODUCT = YES;
			};
			name = Release;
		};
		410620782C59281800A5374B /* Debug */ = {
			isa = XCBuildConfiguration;
			buildSettings = {
				ASSETCATALOG_COMPILER_APPICON_NAME = AppIcon;
				ASSETCATALOG_COMPILER_GLOBAL_ACCENT_COLOR_NAME = AccentColor;
				CODE_SIGN_STYLE = Automatic;
				CURRENT_PROJECT_VERSION = 1;
				DEVELOPMENT_ASSET_PATHS = "\"CricutAssesmentKarlPfister/Preview Content\"";
				DEVELOPMENT_TEAM = 5WJ44R4U4C;
				ENABLE_PREVIEWS = YES;
				GENERATE_INFOPLIST_FILE = YES;
				INFOPLIST_FILE = CricutAssesmentKarlPfister/Info.plist;
				INFOPLIST_KEY_UIApplicationSceneManifest_Generation = YES;
				INFOPLIST_KEY_UIApplicationSupportsIndirectInputEvents = YES;
				INFOPLIST_KEY_UILaunchScreen_Generation = YES;
				INFOPLIST_KEY_UISupportedInterfaceOrientations_iPad = "UIInterfaceOrientationPortrait UIInterfaceOrientationPortraitUpsideDown UIInterfaceOrientationLandscapeLeft UIInterfaceOrientationLandscapeRight";
				INFOPLIST_KEY_UISupportedInterfaceOrientations_iPhone = "UIInterfaceOrientationPortrait UIInterfaceOrientationLandscapeLeft UIInterfaceOrientationLandscapeRight";
				LD_RUNPATH_SEARCH_PATHS = (
					"$(inherited)",
					"@executable_path/Frameworks",
				);
				MARKETING_VERSION = 1.0;
				PRODUCT_BUNDLE_IDENTIFIER = iKarly.CricutAssesmentKarlPfister;
				PRODUCT_NAME = "$(TARGET_NAME)";
				SWIFT_EMIT_LOC_STRINGS = YES;
				SWIFT_VERSION = 5.0;
				TARGETED_DEVICE_FAMILY = "1,2";
			};
			name = Debug;
		};
		410620792C59281800A5374B /* Release */ = {
			isa = XCBuildConfiguration;
			buildSettings = {
				ASSETCATALOG_COMPILER_APPICON_NAME = AppIcon;
				ASSETCATALOG_COMPILER_GLOBAL_ACCENT_COLOR_NAME = AccentColor;
				CODE_SIGN_STYLE = Automatic;
				CURRENT_PROJECT_VERSION = 1;
				DEVELOPMENT_ASSET_PATHS = "\"CricutAssesmentKarlPfister/Preview Content\"";
				DEVELOPMENT_TEAM = 5WJ44R4U4C;
				ENABLE_PREVIEWS = YES;
				GENERATE_INFOPLIST_FILE = YES;
				INFOPLIST_FILE = CricutAssesmentKarlPfister/Info.plist;
				INFOPLIST_KEY_UIApplicationSceneManifest_Generation = YES;
				INFOPLIST_KEY_UIApplicationSupportsIndirectInputEvents = YES;
				INFOPLIST_KEY_UILaunchScreen_Generation = YES;
				INFOPLIST_KEY_UISupportedInterfaceOrientations_iPad = "UIInterfaceOrientationPortrait UIInterfaceOrientationPortraitUpsideDown UIInterfaceOrientationLandscapeLeft UIInterfaceOrientationLandscapeRight";
				INFOPLIST_KEY_UISupportedInterfaceOrientations_iPhone = "UIInterfaceOrientationPortrait UIInterfaceOrientationLandscapeLeft UIInterfaceOrientationLandscapeRight";
				LD_RUNPATH_SEARCH_PATHS = (
					"$(inherited)",
					"@executable_path/Frameworks",
				);
				MARKETING_VERSION = 1.0;
				PRODUCT_BUNDLE_IDENTIFIER = iKarly.CricutAssesmentKarlPfister;
				PRODUCT_NAME = "$(TARGET_NAME)";
				SWIFT_EMIT_LOC_STRINGS = YES;
				SWIFT_VERSION = 5.0;
				TARGETED_DEVICE_FAMILY = "1,2";
			};
			name = Release;
		};
		4106207B2C59281800A5374B /* Debug */ = {
			isa = XCBuildConfiguration;
			buildSettings = {
				ALWAYS_EMBED_SWIFT_STANDARD_LIBRARIES = YES;
				BUNDLE_LOADER = "$(TEST_HOST)";
				CODE_SIGN_STYLE = Automatic;
				CURRENT_PROJECT_VERSION = 1;
				DEVELOPMENT_TEAM = 5WJ44R4U4C;
				GENERATE_INFOPLIST_FILE = YES;
				IPHONEOS_DEPLOYMENT_TARGET = 17.5;
				MARKETING_VERSION = 1.0;
				PRODUCT_BUNDLE_IDENTIFIER = iKarly.CricutAssesmentKarlPfisterTests;
				PRODUCT_NAME = "$(TARGET_NAME)";
				SWIFT_EMIT_LOC_STRINGS = NO;
				SWIFT_VERSION = 5.0;
				TARGETED_DEVICE_FAMILY = "1,2";
				TEST_HOST = "$(BUILT_PRODUCTS_DIR)/CricutAssesmentKarlPfister.app/$(BUNDLE_EXECUTABLE_FOLDER_PATH)/CricutAssesmentKarlPfister";
			};
			name = Debug;
		};
		4106207C2C59281800A5374B /* Release */ = {
			isa = XCBuildConfiguration;
			buildSettings = {
				ALWAYS_EMBED_SWIFT_STANDARD_LIBRARIES = YES;
				BUNDLE_LOADER = "$(TEST_HOST)";
				CODE_SIGN_STYLE = Automatic;
				CURRENT_PROJECT_VERSION = 1;
				DEVELOPMENT_TEAM = 5WJ44R4U4C;
				GENERATE_INFOPLIST_FILE = YES;
				IPHONEOS_DEPLOYMENT_TARGET = 17.5;
				MARKETING_VERSION = 1.0;
				PRODUCT_BUNDLE_IDENTIFIER = iKarly.CricutAssesmentKarlPfisterTests;
				PRODUCT_NAME = "$(TARGET_NAME)";
				SWIFT_EMIT_LOC_STRINGS = NO;
				SWIFT_VERSION = 5.0;
				TARGETED_DEVICE_FAMILY = "1,2";
				TEST_HOST = "$(BUILT_PRODUCTS_DIR)/CricutAssesmentKarlPfister.app/$(BUNDLE_EXECUTABLE_FOLDER_PATH)/CricutAssesmentKarlPfister";
			};
			name = Release;
		};
		4106207E2C59281800A5374B /* Debug */ = {
			isa = XCBuildConfiguration;
			buildSettings = {
				ALWAYS_EMBED_SWIFT_STANDARD_LIBRARIES = YES;
				CODE_SIGN_STYLE = Automatic;
				CURRENT_PROJECT_VERSION = 1;
				DEVELOPMENT_TEAM = 5WJ44R4U4C;
				GENERATE_INFOPLIST_FILE = YES;
				MARKETING_VERSION = 1.0;
				PRODUCT_BUNDLE_IDENTIFIER = iKarly.CricutAssesmentKarlPfisterUITests;
				PRODUCT_NAME = "$(TARGET_NAME)";
				SWIFT_EMIT_LOC_STRINGS = NO;
				SWIFT_VERSION = 5.0;
				TARGETED_DEVICE_FAMILY = "1,2";
				TEST_TARGET_NAME = CricutAssesmentKarlPfister;
			};
			name = Debug;
		};
		4106207F2C59281800A5374B /* Release */ = {
			isa = XCBuildConfiguration;
			buildSettings = {
				ALWAYS_EMBED_SWIFT_STANDARD_LIBRARIES = YES;
				CODE_SIGN_STYLE = Automatic;
				CURRENT_PROJECT_VERSION = 1;
				DEVELOPMENT_TEAM = 5WJ44R4U4C;
				GENERATE_INFOPLIST_FILE = YES;
				MARKETING_VERSION = 1.0;
				PRODUCT_BUNDLE_IDENTIFIER = iKarly.CricutAssesmentKarlPfisterUITests;
				PRODUCT_NAME = "$(TARGET_NAME)";
				SWIFT_EMIT_LOC_STRINGS = NO;
				SWIFT_VERSION = 5.0;
				TARGETED_DEVICE_FAMILY = "1,2";
				TEST_TARGET_NAME = CricutAssesmentKarlPfister;
			};
			name = Release;
		};
/* End XCBuildConfiguration section */

/* Begin XCConfigurationList section */
		4106204E2C59281600A5374B /* Build configuration list for PBXProject "CricutAssesmentKarlPfister" */ = {
			isa = XCConfigurationList;
			buildConfigurations = (
				410620752C59281800A5374B /* Debug */,
				410620762C59281800A5374B /* Release */,
			);
			defaultConfigurationIsVisible = 0;
			defaultConfigurationName = Release;
		};
		410620772C59281800A5374B /* Build configuration list for PBXNativeTarget "CricutAssesmentKarlPfister" */ = {
			isa = XCConfigurationList;
			buildConfigurations = (
				410620782C59281800A5374B /* Debug */,
				410620792C59281800A5374B /* Release */,
			);
			defaultConfigurationIsVisible = 0;
			defaultConfigurationName = Release;
		};
		4106207A2C59281800A5374B /* Build configuration list for PBXNativeTarget "CricutAssesmentKarlPfisterTests" */ = {
			isa = XCConfigurationList;
			buildConfigurations = (
				4106207B2C59281800A5374B /* Debug */,
				4106207C2C59281800A5374B /* Release */,
			);
			defaultConfigurationIsVisible = 0;
			defaultConfigurationName = Release;
		};
		4106207D2C59281800A5374B /* Build configuration list for PBXNativeTarget "CricutAssesmentKarlPfisterUITests" */ = {
			isa = XCConfigurationList;
			buildConfigurations = (
				4106207E2C59281800A5374B /* Debug */,
				4106207F2C59281800A5374B /* Release */,
			);
			defaultConfigurationIsVisible = 0;
			defaultConfigurationName = Release;
		};
/* End XCConfigurationList section */
	};
	rootObject = 4106204B2C59281600A5374B /* Project object */;
}
